
Microsoft Visual Studio Solution File, Format Version 12.00
# Visual Studio 15
VisualStudioVersion = 15.0.28010.2046
MinimumVisualStudioVersion = 10.0.40219.1
Project("{FAE04EC0-301F-11D3-BF4B-00C04F79EFBC}") = "PatientManagement", "PatientManagement\PatientManagement.csproj", "{AF38E0F5-420A-45F9-8C3C-936F4802C46F}"
EndProject
Global
	GlobalSection(SolutionConfigurationPlatforms) = preSolution
		Debug|Any CPU = Debug|Any CPU
		Release|Any CPU = Release|Any CPU
	EndGlobalSection
	GlobalSection(ProjectConfigurationPlatforms) = postSolution
		{AF38E0F5-420A-45F9-8C3C-936F4802C46F}.Debug|Any CPU.ActiveCfg = Debug|Any CPU
		{AF38E0F5-420A-45F9-8C3C-936F4802C46F}.Debug|Any CPU.Build.0 = Debug|Any CPU
		{AF38E0F5-420A-45F9-8C3C-936F4802C46F}.Release|Any CPU.ActiveCfg = Release|Any CPU
		{AF38E0F5-420A-45F9-8C3C-936F4802C46F}.Release|Any CPU.Build.0 = Release|Any CPU
	EndGlobalSection
	GlobalSection(SolutionProperties) = preSolution
		HideSolutionNode = FALSE
	EndGlobalSection
	GlobalSection(ExtensibilityGlobals) = postSolution
		SolutionGuid = {8239DCAE-0991-4EED-86B4-FDF630400A8C}
	EndGlobalSection
EndGlobal
